
Microsoft Visual Studio Solution File, Format Version 12.00
# Visual Studio Version 17
VisualStudioVersion = 17.0.31903.59
MinimumVisualStudioVersion = 10.0.40219.1
Project("{2150E333-8FDC-42A3-9474-1A3956D46DE8}") = "src", "src", "{827E0CD3-B72D-47B6-A68D-7590B98EB39B}"
EndProject
Project("{FAE04EC0-301F-11D3-BF4B-00C04F79EFBC}") = "StudentService.Infrastructure", "src\StudentService.Infrastructure\StudentService.Infrastructure.csproj", "{5CB2FBA2-88BF-40E5-A63E-8DF1D64DF61A}"
EndProject
Project("{FAE04EC0-301F-11D3-BF4B-00C04F79EFBC}") = "StudentService.Domain", "src\StudentService.Domain\StudentService.Domain.csproj", "{10F97831-0032-48AF-B5D8-CF8053C8E2A2}"
EndProject
Project("{FAE04EC0-301F-11D3-BF4B-00C04F79EFBC}") = "StudentService.Host", "src\StudentService.Host\StudentService.Host.csproj", "{BB84AF72-B623-47B7-A55D-3FEE8D045DAB}"
EndProject
Global
	GlobalSection(SolutionConfigurationPlatforms) = preSolution
		Debug|Any CPU = Debug|Any CPU
		Debug|x64 = Debug|x64
		Debug|x86 = Debug|x86
		Release|Any CPU = Release|Any CPU
		Release|x64 = Release|x64
		Release|x86 = Release|x86
	EndGlobalSection
	GlobalSection(ProjectConfigurationPlatforms) = postSolution
		{5CB2FBA2-88BF-40E5-A63E-8DF1D64DF61A}.Debug|Any CPU.ActiveCfg = Debug|Any CPU
		{5CB2FBA2-88BF-40E5-A63E-8DF1D64DF61A}.Debug|Any CPU.Build.0 = Debug|Any CPU
		{5CB2FBA2-88BF-40E5-A63E-8DF1D64DF61A}.Debug|x64.ActiveCfg = Debug|Any CPU
		{5CB2FBA2-88BF-40E5-A63E-8DF1D64DF61A}.Debug|x64.Build.0 = Debug|Any CPU
		{5CB2FBA2-88BF-40E5-A63E-8DF1D64DF61A}.Debug|x86.ActiveCfg = Debug|Any CPU
		{5CB2FBA2-88BF-40E5-A63E-8DF1D64DF61A}.Debug|x86.Build.0 = Debug|Any CPU
		{5CB2FBA2-88BF-40E5-A63E-8DF1D64DF61A}.Release|Any CPU.ActiveCfg = Release|Any CPU
		{5CB2FBA2-88BF-40E5-A63E-8DF1D64DF61A}.Release|Any CPU.Build.0 = Release|Any CPU
		{5CB2FBA2-88BF-40E5-A63E-8DF1D64DF61A}.Release|x64.ActiveCfg = Release|Any CPU
		{5CB2FBA2-88BF-40E5-A63E-8DF1D64DF61A}.Release|x64.Build.0 = Release|Any CPU
		{5CB2FBA2-88BF-40E5-A63E-8DF1D64DF61A}.Release|x86.ActiveCfg = Release|Any CPU
		{5CB2FBA2-88BF-40E5-A63E-8DF1D64DF61A}.Release|x86.Build.0 = Release|Any CPU
		{10F97831-0032-48AF-B5D8-CF8053C8E2A2}.Debug|Any CPU.ActiveCfg = Debug|Any CPU
		{10F97831-0032-48AF-B5D8-CF8053C8E2A2}.Debug|Any CPU.Build.0 = Debug|Any CPU
		{10F97831-0032-48AF-B5D8-CF8053C8E2A2}.Debug|x64.ActiveCfg = Debug|Any CPU
		{10F97831-0032-48AF-B5D8-CF8053C8E2A2}.Debug|x64.Build.0 = Debug|Any CPU
		{10F97831-0032-48AF-B5D8-CF8053C8E2A2}.Debug|x86.ActiveCfg = Debug|Any CPU
		{10F97831-0032-48AF-B5D8-CF8053C8E2A2}.Debug|x86.Build.0 = Debug|Any CPU
		{10F97831-0032-48AF-B5D8-CF8053C8E2A2}.Release|Any CPU.ActiveCfg = Release|Any CPU
		{10F97831-0032-48AF-B5D8-CF8053C8E2A2}.Release|Any CPU.Build.0 = Release|Any CPU
		{10F97831-0032-48AF-B5D8-CF8053C8E2A2}.Release|x64.ActiveCfg = Release|Any CPU
		{10F97831-0032-48AF-B5D8-CF8053C8E2A2}.Release|x64.Build.0 = Release|Any CPU
		{10F97831-0032-48AF-B5D8-CF8053C8E2A2}.Release|x86.ActiveCfg = Release|Any CPU
		{10F97831-0032-48AF-B5D8-CF8053C8E2A2}.Release|x86.Build.0 = Release|Any CPU
		{BB84AF72-B623-47B7-A55D-3FEE8D045DAB}.Debug|Any CPU.ActiveCfg = Debug|Any CPU
		{BB84AF72-B623-47B7-A55D-3FEE8D045DAB}.Debug|Any CPU.Build.0 = Debug|Any CPU
		{BB84AF72-B623-47B7-A55D-3FEE8D045DAB}.Debug|x64.ActiveCfg = Debug|Any CPU
		{BB84AF72-B623-47B7-A55D-3FEE8D045DAB}.Debug|x64.Build.0 = Debug|Any CPU
		{BB84AF72-B623-47B7-A55D-3FEE8D045DAB}.Debug|x86.ActiveCfg = Debug|Any CPU
		{BB84AF72-B623-47B7-A55D-3FEE8D045DAB}.Debug|x86.Build.0 = Debug|Any CPU
		{BB84AF72-B623-47B7-A55D-3FEE8D045DAB}.Release|Any CPU.ActiveCfg = Release|Any CPU
		{BB84AF72-B623-47B7-A55D-3FEE8D045DAB}.Release|Any CPU.Build.0 = Release|Any CPU
		{BB84AF72-B623-47B7-A55D-3FEE8D045DAB}.Release|x64.ActiveCfg = Release|Any CPU
		{BB84AF72-B623-47B7-A55D-3FEE8D045DAB}.Release|x64.Build.0 = Release|Any CPU
		{BB84AF72-B623-47B7-A55D-3FEE8D045DAB}.Release|x86.ActiveCfg = Release|Any CPU
		{BB84AF72-B623-47B7-A55D-3FEE8D045DAB}.Release|x86.Build.0 = Release|Any CPU
	EndGlobalSection
	GlobalSection(SolutionProperties) = preSolution
		HideSolutionNode = FALSE
	EndGlobalSection
	GlobalSection(NestedProjects) = preSolution
		{5CB2FBA2-88BF-40E5-A63E-8DF1D64DF61A} = {827E0CD3-B72D-47B6-A68D-7590B98EB39B}
		{10F97831-0032-48AF-B5D8-CF8053C8E2A2} = {827E0CD3-B72D-47B6-A68D-7590B98EB39B}
		{BB84AF72-B623-47B7-A55D-3FEE8D045DAB} = {827E0CD3-B72D-47B6-A68D-7590B98EB39B}
	EndGlobalSection
EndGlobal
